
Microsoft Visual Studio Solution File, Format Version 12.00
# Visual Studio Version 17
VisualStudioVersion = 17.4.33103.184
MinimumVisualStudioVersion = 10.0.40219.1
Project("{FAE04EC0-301F-11D3-BF4B-00C04F79EFBC}") = "SokobanKR", "SokobanKR.csproj", "{910D630F-A0DC-4B88-B05B-2A2F357B5DDB}"
EndProject
Global
	GlobalSection(SolutionConfigurationPlatforms) = preSolution
		Debug|Any CPU = Debug|Any CPU
		Release|Any CPU = Release|Any CPU
	EndGlobalSection
	GlobalSection(ProjectConfigurationPlatforms) = postSolution
		{910D630F-A0DC-4B88-B05B-2A2F357B5DDB}.Debug|Any CPU.ActiveCfg = Debug|Any CPU
		{910D630F-A0DC-4B88-B05B-2A2F357B5DDB}.Debug|Any CPU.Build.0 = Debug|Any CPU
		{910D630F-A0DC-4B88-B05B-2A2F357B5DDB}.Release|Any CPU.ActiveCfg = Release|Any CPU
		{910D630F-A0DC-4B88-B05B-2A2F357B5DDB}.Release|Any CPU.Build.0 = Release|Any CPU
	EndGlobalSection
	GlobalSection(SolutionProperties) = preSolution
		HideSolutionNode = FALSE
	EndGlobalSection
	GlobalSection(ExtensibilityGlobals) = postSolution
		SolutionGuid = {9A93B922-FA1B-4233-8348-0E9CF0C84407}
	EndGlobalSection
EndGlobal
